
Microsoft Visual Studio Solution File, Format Version 12.00
# Visual Studio Version 17
VisualStudioVersion = 17.3.32929.385
MinimumVisualStudioVersion = 10.0.40219.1
Project("{FAE04EC0-301F-11D3-BF4B-00C04F79EFBC}") = "Desafio4", "Desafio4\Desafio4.csproj", "{5A4D93D7-E285-4D1E-8FBC-B5777B0DB6C0}"
EndProject
Global
	GlobalSection(SolutionConfigurationPlatforms) = preSolution
		Debug|Any CPU = Debug|Any CPU
		Release|Any CPU = Release|Any CPU
	EndGlobalSection
	GlobalSection(ProjectConfigurationPlatforms) = postSolution
		{5A4D93D7-E285-4D1E-8FBC-B5777B0DB6C0}.Debug|Any CPU.ActiveCfg = Debug|Any CPU
		{5A4D93D7-E285-4D1E-8FBC-B5777B0DB6C0}.Debug|Any CPU.Build.0 = Debug|Any CPU
		{5A4D93D7-E285-4D1E-8FBC-B5777B0DB6C0}.Release|Any CPU.ActiveCfg = Release|Any CPU
		{5A4D93D7-E285-4D1E-8FBC-B5777B0DB6C0}.Release|Any CPU.Build.0 = Release|Any CPU
	EndGlobalSection
	GlobalSection(SolutionProperties) = preSolution
		HideSolutionNode = FALSE
	EndGlobalSection
	GlobalSection(ExtensibilityGlobals) = postSolution
		SolutionGuid = {77BA30F2-58F2-44A2-B28D-306347F20030}
	EndGlobalSection
EndGlobal
