
Microsoft Visual Studio Solution File, Format Version 12.00
# Visual Studio Version 17
VisualStudioVersion = 17.3.32929.385
MinimumVisualStudioVersion = 10.0.40219.1
Project("{FAE04EC0-301F-11D3-BF4B-00C04F79EFBC}") = "Desafio5", "Desafio5\Desafio5.csproj", "{0B16B3E2-87A3-45D0-8AAE-D8FD307A2A2A}"
EndProject
Global
	GlobalSection(SolutionConfigurationPlatforms) = preSolution
		Debug|Any CPU = Debug|Any CPU
		Release|Any CPU = Release|Any CPU
	EndGlobalSection
	GlobalSection(ProjectConfigurationPlatforms) = postSolution
		{0B16B3E2-87A3-45D0-8AAE-D8FD307A2A2A}.Debug|Any CPU.ActiveCfg = Debug|Any CPU
		{0B16B3E2-87A3-45D0-8AAE-D8FD307A2A2A}.Debug|Any CPU.Build.0 = Debug|Any CPU
		{0B16B3E2-87A3-45D0-8AAE-D8FD307A2A2A}.Release|Any CPU.ActiveCfg = Release|Any CPU
		{0B16B3E2-87A3-45D0-8AAE-D8FD307A2A2A}.Release|Any CPU.Build.0 = Release|Any CPU
	EndGlobalSection
	GlobalSection(SolutionProperties) = preSolution
		HideSolutionNode = FALSE
	EndGlobalSection
	GlobalSection(ExtensibilityGlobals) = postSolution
		SolutionGuid = {A037D05F-D212-4045-9B22-194E08653806}
	EndGlobalSection
EndGlobal
